// !$*UTF8*$!
{
	archiveVersion = 1;
	classes = {
	};
	objectVersion = 50;
	objects = {

/* Begin PBXBuildFile section */
		EB0B45DB21B0A05500F8C210 /* graph.cpp in Sources */ = {isa = PBXBuildFile; fileRef = EB0B45D921B0A05500F8C210 /* graph.cpp */; };
		EB5BED9221A3CB5800146FDF /* UIView.cpp in Sources */ = {isa = PBXBuildFile; fileRef = EB5BED9021A3CB5800146FDF /* UIView.cpp */; };
		EB5BED9821A3CE7000146FDF /* CGRect.cpp in Sources */ = {isa = PBXBuildFile; fileRef = EB5BED9621A3CE7000146FDF /* CGRect.cpp */; };
		EB5BEDA721A3F66700146FDF /* UIButton.cpp in Sources */ = {isa = PBXBuildFile; fileRef = EB5BEDA521A3F66700146FDF /* UIButton.cpp */; };
		EB5BEDAA21A3F76900146FDF /* UILabel.cpp in Sources */ = {isa = PBXBuildFile; fileRef = EB5BEDA821A3F76900146FDF /* UILabel.cpp */; };
		EBC2A79F21A4908300FE6232 /* Graphing Calculator.cpp in Sources */ = {isa = PBXBuildFile; fileRef = EBC2A79D21A4908300FE6232 /* Graphing Calculator.cpp */; };
		EBF3587621A352CF0081B4DA /* sfml-network.framework in Frameworks */ = {isa = PBXBuildFile; fileRef = EBF3587021A352CF0081B4DA /* sfml-network.framework */; };
		EBF3587721A352CF0081B4DA /* sfml-graphics.framework in Frameworks */ = {isa = PBXBuildFile; fileRef = EBF3587121A352CF0081B4DA /* sfml-graphics.framework */; };
		EBF3587821A352CF0081B4DA /* sfml-window.framework in Frameworks */ = {isa = PBXBuildFile; fileRef = EBF3587221A352CF0081B4DA /* sfml-window.framework */; };
		EBF3587921A352CF0081B4DA /* sfml-system.framework in Frameworks */ = {isa = PBXBuildFile; fileRef = EBF3587321A352CF0081B4DA /* sfml-system.framework */; };
		EBF3587A21A352CF0081B4DA /* SFML.framework in Frameworks */ = {isa = PBXBuildFile; fileRef = EBF3587421A352CF0081B4DA /* SFML.framework */; };
		EBF3587B21A352CF0081B4DA /* sfml-audio.framework in Frameworks */ = {isa = PBXBuildFile; fileRef = EBF3587521A352CF0081B4DA /* sfml-audio.framework */; };
		EBF3589621A356A80081B4DA /* main.cpp in Sources */ = {isa = PBXBuildFile; fileRef = EBF3588D21A356A80081B4DA /* main.cpp */; };
		EBF358DC21A3A7950081B4DA /* UIViewController-backup.cpp in Sources */ = {isa = PBXBuildFile; fileRef = EBF358DA21A3A7950081B4DA /* UIViewController-backup.cpp */; };
		EBF3590621A3C2E90081B4DA /* expression.cpp in Sources */ = {isa = PBXBuildFile; fileRef = EBF3590121A3C2E90081B4DA /* expression.cpp */; };
		EBF3590721A3C2E90081B4DA /* operator.cpp in Sources */ = {isa = PBXBuildFile; fileRef = EBF3590221A3C2E90081B4DA /* operator.cpp */; };
		EBF3590821A3C2E90081B4DA /* oprand.cpp in Sources */ = {isa = PBXBuildFile; fileRef = EBF3590321A3C2E90081B4DA /* oprand.cpp */; };
		EBF3590921A3C2E90081B4DA /* token.cpp in Sources */ = {isa = PBXBuildFile; fileRef = EBF3590421A3C2E90081B4DA /* token.cpp */; };
		EBF3590A21A3C2E90081B4DA /* variable.cpp in Sources */ = {isa = PBXBuildFile; fileRef = EBF3590521A3C2E90081B4DA /* variable.cpp */; };
/* End PBXBuildFile section */

/* Begin PBXCopyFilesBuildPhase section */
		EBF3586321A351760081B4DA /* CopyFiles */ = {
			isa = PBXCopyFilesBuildPhase;
			buildActionMask = 2147483647;
			dstPath = /usr/share/man/man1/;
			dstSubfolderSpec = 0;
			files = (
			);
			runOnlyForDeploymentPostprocessing = 1;
		};
/* End PBXCopyFilesBuildPhase section */

/* Begin PBXFileReference section */
		EB0B45D921B0A05500F8C210 /* graph.cpp */ = {isa = PBXFileReference; lastKnownFileType = sourcecode.cpp.cpp; path = graph.cpp; sourceTree = "<group>"; };
		EB0B45DA21B0A05500F8C210 /* graph.hpp */ = {isa = PBXFileReference; lastKnownFileType = sourcecode.cpp.h; path = graph.hpp; sourceTree = "<group>"; };
		EB5BED9021A3CB5800146FDF /* UIView.cpp */ = {isa = PBXFileReference; lastKnownFileType = sourcecode.cpp.cpp; path = UIView.cpp; sourceTree = "<group>"; };
		EB5BED9121A3CB5800146FDF /* UIView.hpp */ = {isa = PBXFileReference; lastKnownFileType = sourcecode.cpp.h; path = UIView.hpp; sourceTree = "<group>"; };
		EB5BED9621A3CE7000146FDF /* CGRect.cpp */ = {isa = PBXFileReference; lastKnownFileType = sourcecode.cpp.cpp; path = CGRect.cpp; sourceTree = "<group>"; };
		EB5BED9721A3CE7000146FDF /* CGRect.hpp */ = {isa = PBXFileReference; lastKnownFileType = sourcecode.cpp.h; path = CGRect.hpp; sourceTree = "<group>"; };
		EB5BED9D21A3D03B00146FDF /* CGPoint.hpp */ = {isa = PBXFileReference; lastKnownFileType = sourcecode.cpp.h; path = CGPoint.hpp; sourceTree = "<group>"; };
		EB5BEDA021A3D12900146FDF /* CGSize.hpp */ = {isa = PBXFileReference; lastKnownFileType = sourcecode.cpp.h; path = CGSize.hpp; sourceTree = "<group>"; };
		EB5BEDA521A3F66700146FDF /* UIButton.cpp */ = {isa = PBXFileReference; lastKnownFileType = sourcecode.cpp.cpp; path = UIButton.cpp; sourceTree = "<group>"; };
		EB5BEDA621A3F66700146FDF /* UIButton.hpp */ = {isa = PBXFileReference; lastKnownFileType = sourcecode.cpp.h; path = UIButton.hpp; sourceTree = "<group>"; };
		EB5BEDA821A3F76900146FDF /* UILabel.cpp */ = {isa = PBXFileReference; lastKnownFileType = sourcecode.cpp.cpp; path = UILabel.cpp; sourceTree = "<group>"; };
		EB5BEDA921A3F76900146FDF /* UILabel.hpp */ = {isa = PBXFileReference; lastKnownFileType = sourcecode.cpp.h; path = UILabel.hpp; sourceTree = "<group>"; };
		EB5BEDAD21A40A7400146FDF /* CGVector.hpp */ = {isa = PBXFileReference; lastKnownFileType = sourcecode.cpp.h; path = CGVector.hpp; sourceTree = "<group>"; };
		EBC2A79D21A4908300FE6232 /* Graphing Calculator.cpp */ = {isa = PBXFileReference; lastKnownFileType = sourcecode.cpp.cpp; path = "Graphing Calculator.cpp"; sourceTree = "<group>"; };
		EBC2A79E21A4908300FE6232 /* Graphing Calculator.hpp */ = {isa = PBXFileReference; lastKnownFileType = sourcecode.cpp.h; path = "Graphing Calculator.hpp"; sourceTree = "<group>"; };
		EBC2A7A121A4E39A00FE6232 /* stack.hpp */ = {isa = PBXFileReference; lastKnownFileType = sourcecode.cpp.h; path = stack.hpp; sourceTree = "<group>"; };
		EBC2A7A221A4E3A800FE6232 /* Linked List.hpp */ = {isa = PBXFileReference; lastKnownFileType = sourcecode.cpp.h; path = "Linked List.hpp"; sourceTree = "<group>"; };
		EBC2A7A321A4E3A800FE6232 /* List.hpp */ = {isa = PBXFileReference; lastKnownFileType = sourcecode.cpp.h; path = List.hpp; sourceTree = "<group>"; };
		EBDE924821ACB40E00C37E51 /* VertexRect.hpp */ = {isa = PBXFileReference; lastKnownFileType = sourcecode.cpp.h; path = VertexRect.hpp; sourceTree = "<group>"; };
		EBDE924B21ACCA5300C37E51 /* GCTab.hpp */ = {isa = PBXFileReference; lastKnownFileType = sourcecode.cpp.h; path = GCTab.hpp; sourceTree = "<group>"; };
		EBF3586521A351760081B4DA /* Graphing Calculator CAS */ = {isa = PBXFileReference; explicitFileType = "compiled.mach-o.executable"; includeInIndex = 0; path = "Graphing Calculator CAS"; sourceTree = BUILT_PRODUCTS_DIR; };
		EBF3587021A352CF0081B4DA /* sfml-network.framework */ = {isa = PBXFileReference; lastKnownFileType = wrapper.framework; name = "sfml-network.framework"; path = "../../../../../../../../Library/Frameworks/sfml-network.framework"; sourceTree = "<group>"; };
		EBF3587121A352CF0081B4DA /* sfml-graphics.framework */ = {isa = PBXFileReference; lastKnownFileType = wrapper.framework; name = "sfml-graphics.framework"; path = "../../../../../../../../Library/Frameworks/sfml-graphics.framework"; sourceTree = "<group>"; };
		EBF3587221A352CF0081B4DA /* sfml-window.framework */ = {isa = PBXFileReference; lastKnownFileType = wrapper.framework; name = "sfml-window.framework"; path = "../../../../../../../../Library/Frameworks/sfml-window.framework"; sourceTree = "<group>"; };
		EBF3587321A352CF0081B4DA /* sfml-system.framework */ = {isa = PBXFileReference; lastKnownFileType = wrapper.framework; name = "sfml-system.framework"; path = "../../../../../../../../Library/Frameworks/sfml-system.framework"; sourceTree = "<group>"; };
		EBF3587421A352CF0081B4DA /* SFML.framework */ = {isa = PBXFileReference; lastKnownFileType = wrapper.framework; name = SFML.framework; path = ../../../../../../../../Library/Frameworks/SFML.framework; sourceTree = "<group>"; };
		EBF3587521A352CF0081B4DA /* sfml-audio.framework */ = {isa = PBXFileReference; lastKnownFileType = wrapper.framework; name = "sfml-audio.framework"; path = "../../../../../../../../Library/Frameworks/sfml-audio.framework"; sourceTree = "<group>"; };
		EBF3588D21A356A80081B4DA /* main.cpp */ = {isa = PBXFileReference; fileEncoding = 4; lastKnownFileType = sourcecode.cpp.cpp; path = main.cpp; sourceTree = "<group>"; };
		EBF3589C21A3848F0081B4DA /* SF-Light.otf */ = {isa = PBXFileReference; lastKnownFileType = file; path = "SF-Light.otf"; sourceTree = "<group>"; };
		EBF358DA21A3A7950081B4DA /* UIViewController-backup.cpp */ = {isa = PBXFileReference; lastKnownFileType = sourcecode.cpp.cpp; path = "UIViewController-backup.cpp"; sourceTree = "<group>"; };
		EBF358DB21A3A7950081B4DA /* UIViewController-backup.hpp */ = {isa = PBXFileReference; lastKnownFileType = sourcecode.cpp.h; path = "UIViewController-backup.hpp"; sourceTree = "<group>"; };
		EBF358DE21A3A82F0081B4DA /* constants.cpp */ = {isa = PBXFileReference; lastKnownFileType = sourcecode.cpp.cpp; path = constants.cpp; sourceTree = "<group>"; };
		EBF358FC21A3C2E90081B4DA /* variable.hpp */ = {isa = PBXFileReference; fileEncoding = 4; lastKnownFileType = sourcecode.cpp.h; path = variable.hpp; sourceTree = "<group>"; };
		EBF358FD21A3C2E90081B4DA /* expression.hpp */ = {isa = PBXFileReference; fileEncoding = 4; lastKnownFileType = sourcecode.cpp.h; path = expression.hpp; sourceTree = "<group>"; };
		EBF358FE21A3C2E90081B4DA /* token.hpp */ = {isa = PBXFileReference; fileEncoding = 4; lastKnownFileType = sourcecode.cpp.h; path = token.hpp; sourceTree = "<group>"; };
		EBF358FF21A3C2E90081B4DA /* oprand.hpp */ = {isa = PBXFileReference; fileEncoding = 4; lastKnownFileType = sourcecode.cpp.h; path = oprand.hpp; sourceTree = "<group>"; };
		EBF3590021A3C2E90081B4DA /* operator.hpp */ = {isa = PBXFileReference; fileEncoding = 4; lastKnownFileType = sourcecode.cpp.h; path = operator.hpp; sourceTree = "<group>"; };
		EBF3590121A3C2E90081B4DA /* expression.cpp */ = {isa = PBXFileReference; fileEncoding = 4; lastKnownFileType = sourcecode.cpp.cpp; path = expression.cpp; sourceTree = "<group>"; };
		EBF3590221A3C2E90081B4DA /* operator.cpp */ = {isa = PBXFileReference; fileEncoding = 4; lastKnownFileType = sourcecode.cpp.cpp; path = operator.cpp; sourceTree = "<group>"; };
		EBF3590321A3C2E90081B4DA /* oprand.cpp */ = {isa = PBXFileReference; fileEncoding = 4; lastKnownFileType = sourcecode.cpp.cpp; path = oprand.cpp; sourceTree = "<group>"; };
		EBF3590421A3C2E90081B4DA /* token.cpp */ = {isa = PBXFileReference; fileEncoding = 4; lastKnownFileType = sourcecode.cpp.cpp; path = token.cpp; sourceTree = "<group>"; };
		EBF3590521A3C2E90081B4DA /* variable.cpp */ = {isa = PBXFileReference; fileEncoding = 4; lastKnownFileType = sourcecode.cpp.cpp; path = variable.cpp; sourceTree = "<group>"; };
		EBFABE9721B9AAF400D2C9A8 /* README.md */ = {isa = PBXFileReference; lastKnownFileType = net.daringfireball.markdown; path = README.md; sourceTree = "<group>"; };
/* End PBXFileReference section */

/* Begin PBXFrameworksBuildPhase section */
		EBF3586221A351760081B4DA /* Frameworks */ = {
			isa = PBXFrameworksBuildPhase;
			buildActionMask = 2147483647;
			files = (
				EBF3587621A352CF0081B4DA /* sfml-network.framework in Frameworks */,
				EBF3587721A352CF0081B4DA /* sfml-graphics.framework in Frameworks */,
				EBF3587821A352CF0081B4DA /* sfml-window.framework in Frameworks */,
				EBF3587921A352CF0081B4DA /* sfml-system.framework in Frameworks */,
				EBF3587A21A352CF0081B4DA /* SFML.framework in Frameworks */,
				EBF3587B21A352CF0081B4DA /* sfml-audio.framework in Frameworks */,
			);
			runOnlyForDeploymentPostprocessing = 0;
		};
/* End PBXFrameworksBuildPhase section */

/* Begin PBXGroup section */
		EB0B45D821B0A03800F8C210 /* Backup */ = {
			isa = PBXGroup;
			children = (
				EBF358DB21A3A7950081B4DA /* UIViewController-backup.hpp */,
				EBF358DA21A3A7950081B4DA /* UIViewController-backup.cpp */,
				EBC2A79E21A4908300FE6232 /* Graphing Calculator.hpp */,
				EBC2A79D21A4908300FE6232 /* Graphing Calculator.cpp */,
			);
			path = Backup;
			sourceTree = "<group>";
		};
		EB5BEDAB21A3FB2F00146FDF /* CoreGraphics */ = {
			isa = PBXGroup;
			children = (
				EB5BED9721A3CE7000146FDF /* CGRect.hpp */,
				EB5BED9621A3CE7000146FDF /* CGRect.cpp */,
				EB5BED9D21A3D03B00146FDF /* CGPoint.hpp */,
				EB5BEDA021A3D12900146FDF /* CGSize.hpp */,
				EB5BEDAD21A40A7400146FDF /* CGVector.hpp */,
			);
			path = CoreGraphics;
			sourceTree = "<group>";
		};
		EBC2A7A021A4E36600FE6232 /* Stack & Queue */ = {
			isa = PBXGroup;
			children = (
				EBC2A7A221A4E3A800FE6232 /* Linked List.hpp */,
				EBC2A7A321A4E3A800FE6232 /* List.hpp */,
				EBC2A7A121A4E39A00FE6232 /* stack.hpp */,
			);
			path = "Stack & Queue";
			sourceTree = "<group>";
		};
		EBF3585C21A351760081B4DA = {
			isa = PBXGroup;
			children = (
				EBFABE9721B9AAF400D2C9A8 /* README.md */,
				EBF3588D21A356A80081B4DA /* main.cpp */,
				EB0B45D921B0A05500F8C210 /* graph.cpp */,
				EB0B45DA21B0A05500F8C210 /* graph.hpp */,
				EBDE924B21ACCA5300C37E51 /* GCTab.hpp */,
				EBDE924821ACB40E00C37E51 /* VertexRect.hpp */,
				EBF3590B21A3C2F60081B4DA /* Calculator */,
				EBF3586721A351760081B4DA /* UIKit Ripoff */,
				EBC2A7A021A4E36600FE6232 /* Stack & Queue */,
				EBF3589D21A384A60081B4DA /* Resources */,
				EBF3586621A351760081B4DA /* Products */,
				EBF3586F21A352CF0081B4DA /* Frameworks */,
				EB0B45D821B0A03800F8C210 /* Backup */,
			);
			sourceTree = "<group>";
		};
		EBF3586621A351760081B4DA /* Products */ = {
			isa = PBXGroup;
			children = (
				EBF3586521A351760081B4DA /* Graphing Calculator CAS */,
			);
			name = Products;
			sourceTree = "<group>";
		};
		EBF3586721A351760081B4DA /* UIKit Ripoff */ = {
			isa = PBXGroup;
			children = (
				EBF358DE21A3A82F0081B4DA /* constants.cpp */,
				EB5BED9021A3CB5800146FDF /* UIView.cpp */,
				EB5BED9121A3CB5800146FDF /* UIView.hpp */,
				EB5BEDA521A3F66700146FDF /* UIButton.cpp */,
				EB5BEDA621A3F66700146FDF /* UIButton.hpp */,
				EB5BEDA921A3F76900146FDF /* UILabel.hpp */,
				EB5BEDA821A3F76900146FDF /* UILabel.cpp */,
				EB5BEDAB21A3FB2F00146FDF /* CoreGraphics */,
			);
			path = "UIKit Ripoff";
			sourceTree = "<group>";
		};
		EBF3586F21A352CF0081B4DA /* Frameworks */ = {
			isa = PBXGroup;
			children = (
				EBF3587521A352CF0081B4DA /* sfml-audio.framework */,
				EBF3587121A352CF0081B4DA /* sfml-graphics.framework */,
				EBF3587021A352CF0081B4DA /* sfml-network.framework */,
				EBF3587321A352CF0081B4DA /* sfml-system.framework */,
				EBF3587221A352CF0081B4DA /* sfml-window.framework */,
				EBF3587421A352CF0081B4DA /* SFML.framework */,
			);
			name = Frameworks;
			sourceTree = "<group>";
		};
		EBF3589D21A384A60081B4DA /* Resources */ = {
			isa = PBXGroup;
			children = (
				EBF3589C21A3848F0081B4DA /* SF-Light.otf */,
			);
			path = Resources;
			sourceTree = "<group>";
		};
		EBF358FB21A3C2E90081B4DA /* Header Files */ = {
			isa = PBXGroup;
			children = (
				EBF358FC21A3C2E90081B4DA /* variable.hpp */,
				EBF358FD21A3C2E90081B4DA /* expression.hpp */,
				EBF358FE21A3C2E90081B4DA /* token.hpp */,
				EBF358FF21A3C2E90081B4DA /* oprand.hpp */,
				EBF3590021A3C2E90081B4DA /* operator.hpp */,
			);
			path = "Header Files";
			sourceTree = "<group>";
		};
		EBF3590B21A3C2F60081B4DA /* Calculator */ = {
			isa = PBXGroup;
			children = (
				EBF358FB21A3C2E90081B4DA /* Header Files */,
				EBF3590121A3C2E90081B4DA /* expression.cpp */,
				EBF3590421A3C2E90081B4DA /* token.cpp */,
				EBF3590221A3C2E90081B4DA /* operator.cpp */,
				EBF3590321A3C2E90081B4DA /* oprand.cpp */,
				EBF3590521A3C2E90081B4DA /* variable.cpp */,
			);
			path = Calculator;
			sourceTree = "<group>";
		};
/* End PBXGroup section */

/* Begin PBXNativeTarget section */
		EBF3586421A351760081B4DA /* Graphing Calculator CAS */ = {
			isa = PBXNativeTarget;
			buildConfigurationList = EBF3586C21A351760081B4DA /* Build configuration list for PBXNativeTarget "Graphing Calculator CAS" */;
			buildPhases = (
				EBF3586121A351760081B4DA /* Sources */,
				EBF3586221A351760081B4DA /* Frameworks */,
				EBF3586321A351760081B4DA /* CopyFiles */,
			);
			buildRules = (
			);
			dependencies = (
			);
			name = "Graphing Calculator CAS";
			productName = "Graphing Calculator CAS";
			productReference = EBF3586521A351760081B4DA /* Graphing Calculator CAS */;
			productType = "com.apple.product-type.tool";
		};
/* End PBXNativeTarget section */

/* Begin PBXProject section */
		EBF3585D21A351760081B4DA /* Project object */ = {
			isa = PBXProject;
			attributes = {
				LastUpgradeCheck = 1010;
				ORGANIZATIONNAME = "Jack Zhao";
				TargetAttributes = {
					EBF3586421A351760081B4DA = {
						CreatedOnToolsVersion = 10.1;
					};
				};
			};
			buildConfigurationList = EBF3586021A351760081B4DA /* Build configuration list for PBXProject "Graphing Calculator CAS" */;
			compatibilityVersion = "Xcode 9.3";
			developmentRegion = en;
			hasScannedForEncodings = 0;
			knownRegions = (
				en,
			);
			mainGroup = EBF3585C21A351760081B4DA;
			productRefGroup = EBF3586621A351760081B4DA /* Products */;
			projectDirPath = "";
			projectRoot = "";
			targets = (
				EBF3586421A351760081B4DA /* Graphing Calculator CAS */,
			);
		};
/* End PBXProject section */

/* Begin PBXSourcesBuildPhase section */
		EBF3586121A351760081B4DA /* Sources */ = {
			isa = PBXSourcesBuildPhase;
			buildActionMask = 2147483647;
			files = (
				EBF358DC21A3A7950081B4DA /* UIViewController-backup.cpp in Sources */,
				EBF3590721A3C2E90081B4DA /* operator.cpp in Sources */,
				EBC2A79F21A4908300FE6232 /* Graphing Calculator.cpp in Sources */,
				EBF3589621A356A80081B4DA /* main.cpp in Sources */,
				EBF3590921A3C2E90081B4DA /* token.cpp in Sources */,
				EB5BED9821A3CE7000146FDF /* CGRect.cpp in Sources */,
				EB5BED9221A3CB5800146FDF /* UIView.cpp in Sources */,
				EBF3590A21A3C2E90081B4DA /* variable.cpp in Sources */,
				EB5BEDA721A3F66700146FDF /* UIButton.cpp in Sources */,
				EBF3590821A3C2E90081B4DA /* oprand.cpp in Sources */,
				EB5BEDAA21A3F76900146FDF /* UILabel.cpp in Sources */,
				EB0B45DB21B0A05500F8C210 /* graph.cpp in Sources */,
				EBF3590621A3C2E90081B4DA /* expression.cpp in Sources */,
			);
			runOnlyForDeploymentPostprocessing = 0;
		};
/* End PBXSourcesBuildPhase section */

/* Begin XCBuildConfiguration section */
		EBF3586A21A351760081B4DA /* Debug */ = {
			isa = XCBuildConfiguration;
			buildSettings = {
				ALWAYS_SEARCH_USER_PATHS = NO;
				CLANG_ANALYZER_NONNULL = YES;
				CLANG_ANALYZER_NUMBER_OBJECT_CONVERSION = YES_AGGRESSIVE;
				CLANG_CXX_LANGUAGE_STANDARD = "gnu++14";
				CLANG_CXX_LIBRARY = "libc++";
				CLANG_ENABLE_MODULES = YES;
				CLANG_ENABLE_OBJC_ARC = YES;
				CLANG_ENABLE_OBJC_WEAK = YES;
				CLANG_WARN_BLOCK_CAPTURE_AUTORELEASING = YES;
				CLANG_WARN_BOOL_CONVERSION = YES;
				CLANG_WARN_COMMA = YES;
				CLANG_WARN_CONSTANT_CONVERSION = YES;
				CLANG_WARN_DEPRECATED_OBJC_IMPLEMENTATIONS = YES;
				CLANG_WARN_DIRECT_OBJC_ISA_USAGE = YES_ERROR;
				CLANG_WARN_DOCUMENTATION_COMMENTS = YES;
				CLANG_WARN_EMPTY_BODY = YES;
				CLANG_WARN_ENUM_CONVERSION = YES;
				CLANG_WARN_INFINITE_RECURSION = YES;
				CLANG_WARN_INT_CONVERSION = YES;
				CLANG_WARN_NON_LITERAL_NULL_CONVERSION = YES;
				CLANG_WARN_OBJC_IMPLICIT_RETAIN_SELF = YES;
				CLANG_WARN_OBJC_LITERAL_CONVERSION = YES;
				CLANG_WARN_OBJC_ROOT_CLASS = YES_ERROR;
				CLANG_WARN_RANGE_LOOP_ANALYSIS = YES;
				CLANG_WARN_STRICT_PROTOTYPES = YES;
				CLANG_WARN_SUSPICIOUS_MOVE = YES;
				CLANG_WARN_UNGUARDED_AVAILABILITY = YES_AGGRESSIVE;
				CLANG_WARN_UNREACHABLE_CODE = YES;
				CLANG_WARN__DUPLICATE_METHOD_MATCH = YES;
				CODE_SIGN_IDENTITY = "Mac Developer";
				COPY_PHASE_STRIP = NO;
				DEBUG_INFORMATION_FORMAT = dwarf;
				ENABLE_STRICT_OBJC_MSGSEND = YES;
				ENABLE_TESTABILITY = YES;
				GCC_C_LANGUAGE_STANDARD = gnu11;
				GCC_DYNAMIC_NO_PIC = NO;
				GCC_NO_COMMON_BLOCKS = YES;
				GCC_OPTIMIZATION_LEVEL = 0;
				GCC_PREPROCESSOR_DEFINITIONS = (
					"DEBUG=1",
					"$(inherited)",
				);
				GCC_WARN_64_TO_32_BIT_CONVERSION = YES;
				GCC_WARN_ABOUT_RETURN_TYPE = YES_ERROR;
				GCC_WARN_UNDECLARED_SELECTOR = YES;
				GCC_WARN_UNINITIALIZED_AUTOS = YES_AGGRESSIVE;
				GCC_WARN_UNUSED_FUNCTION = YES;
				GCC_WARN_UNUSED_VARIABLE = YES;
				MACOSX_DEPLOYMENT_TARGET = 10.14;
				MTL_ENABLE_DEBUG_INFO = INCLUDE_SOURCE;
				MTL_FAST_MATH = YES;
				ONLY_ACTIVE_ARCH = YES;
				SDKROOT = macosx;
			};
			name = Debug;
		};
		EBF3586B21A351760081B4DA /* Release */ = {
			isa = XCBuildConfiguration;
			buildSettings = {
				ALWAYS_SEARCH_USER_PATHS = NO;
				CLANG_ANALYZER_NONNULL = YES;
				CLANG_ANALYZER_NUMBER_OBJECT_CONVERSION = YES_AGGRESSIVE;
				CLANG_CXX_LANGUAGE_STANDARD = "gnu++14";
				CLANG_CXX_LIBRARY = "libc++";
				CLANG_ENABLE_MODULES = YES;
				CLANG_ENABLE_OBJC_ARC = YES;
				CLANG_ENABLE_OBJC_WEAK = YES;
				CLANG_WARN_BLOCK_CAPTURE_AUTORELEASING = YES;
				CLANG_WARN_BOOL_CONVERSION = YES;
				CLANG_WARN_COMMA = YES;
				CLANG_WARN_CONSTANT_CONVERSION = YES;
				CLANG_WARN_DEPRECATED_OBJC_IMPLEMENTATIONS = YES;
				CLANG_WARN_DIRECT_OBJC_ISA_USAGE = YES_ERROR;
				CLANG_WARN_DOCUMENTATION_COMMENTS = YES;
				CLANG_WARN_EMPTY_BODY = YES;
				CLANG_WARN_ENUM_CONVERSION = YES;
				CLANG_WARN_INFINITE_RECURSION = YES;
				CLANG_WARN_INT_CONVERSION = YES;
				CLANG_WARN_NON_LITERAL_NULL_CONVERSION = YES;
				CLANG_WARN_OBJC_IMPLICIT_RETAIN_SELF = YES;
				CLANG_WARN_OBJC_LITERAL_CONVERSION = YES;
				CLANG_WARN_OBJC_ROOT_CLASS = YES_ERROR;
				CLANG_WARN_RANGE_LOOP_ANALYSIS = YES;
				CLANG_WARN_STRICT_PROTOTYPES = YES;
				CLANG_WARN_SUSPICIOUS_MOVE = YES;
				CLANG_WARN_UNGUARDED_AVAILABILITY = YES_AGGRESSIVE;
				CLANG_WARN_UNREACHABLE_CODE = YES;
				CLANG_WARN__DUPLICATE_METHOD_MATCH = YES;
				CODE_SIGN_IDENTITY = "Mac Developer";
				COPY_PHASE_STRIP = NO;
				DEBUG_INFORMATION_FORMAT = "dwarf-with-dsym";
				ENABLE_NS_ASSERTIONS = NO;
				ENABLE_STRICT_OBJC_MSGSEND = YES;
				GCC_C_LANGUAGE_STANDARD = gnu11;
				GCC_NO_COMMON_BLOCKS = YES;
				GCC_WARN_64_TO_32_BIT_CONVERSION = YES;
				GCC_WARN_ABOUT_RETURN_TYPE = YES_ERROR;
				GCC_WARN_UNDECLARED_SELECTOR = YES;
				GCC_WARN_UNINITIALIZED_AUTOS = YES_AGGRESSIVE;
				GCC_WARN_UNUSED_FUNCTION = YES;
				GCC_WARN_UNUSED_VARIABLE = YES;
				MACOSX_DEPLOYMENT_TARGET = 10.14;
				MTL_ENABLE_DEBUG_INFO = NO;
				MTL_FAST_MATH = YES;
				SDKROOT = macosx;
			};
			name = Release;
		};
		EBF3586D21A351760081B4DA /* Debug */ = {
			isa = XCBuildConfiguration;
			buildSettings = {
				CODE_SIGN_STYLE = Automatic;
				DEVELOPMENT_TEAM = A4R6VQRKMH;
				FRAMEWORK_SEARCH_PATHS = (
					"$(inherited)",
					"$(LOCAL_LIBRARY_DIR)/Frameworks",
				);
				PRODUCT_NAME = "$(TARGET_NAME)";
			};
			name = Debug;
		};
		EBF3586E21A351760081B4DA /* Release */ = {
			isa = XCBuildConfiguration;
			buildSettings = {
				CODE_SIGN_STYLE = Automatic;
				DEVELOPMENT_TEAM = A4R6VQRKMH;
				FRAMEWORK_SEARCH_PATHS = (
					"$(inherited)",
					"$(LOCAL_LIBRARY_DIR)/Frameworks",
				);
				PRODUCT_NAME = "$(TARGET_NAME)";
			};
			name = Release;
		};
/* End XCBuildConfiguration section */

/* Begin XCConfigurationList section */
		EBF3586021A351760081B4DA /* Build configuration list for PBXProject "Graphing Calculator CAS" */ = {
			isa = XCConfigurationList;
			buildConfigurations = (
				EBF3586A21A351760081B4DA /* Debug */,
				EBF3586B21A351760081B4DA /* Release */,
			);
			defaultConfigurationIsVisible = 0;
			defaultConfigurationName = Release;
		};
		EBF3586C21A351760081B4DA /* Build configuration list for PBXNativeTarget "Graphing Calculator CAS" */ = {
			isa = XCConfigurationList;
			buildConfigurations = (
				EBF3586D21A351760081B4DA /* Debug */,
				EBF3586E21A351760081B4DA /* Release */,
			);
			defaultConfigurationIsVisible = 0;
			defaultConfigurationName = Release;
		};
/* End XCConfigurationList section */
	};
	rootObject = EBF3585D21A351760081B4DA /* Project object */;
}
